{
  "requires": true,
  "lockfileVersion": 1,
  "dependencies": {
    "@minui/wxc-avatar": {
      "version": "1.0.1",
      "resolved": "https://registry.npmjs.org/@minui/wxc-avatar/-/wxc-avatar-1.0.1.tgz",
      "integrity": "sha512-bV5fQzcOrhcIhv8uEpRIhDQhRBjm+w9UR5e+xdi0XSGCegcOIAT+nCEYbXmJXjbeaAT5TYm4NWUPbfrws58q+g==",
      "requires": {
        "@minui/wxc-badge": "1.0.2",
        "@minui/wxc-cc": "1.0.1"
      }
    },
    "@minui/wxc-badge": {
      "version": "1.0.2",
      "resolved": "https://registry.npmjs.org/@minui/wxc-badge/-/wxc-badge-1.0.2.tgz",
      "integrity": "sha512-Wodv77EaQAzO5Ex/sOd9sgxR33LhWn5QJdPsP3Sa4/K31SYY7Af6nggo11eAGviDbWuj3Bb6TqTvbiAb2+n/Tg=="
    },
    "@minui/wxc-cc": {
      "version": "1.0.1",
      "resolved": "https://registry.npmjs.org/@minui/wxc-cc/-/wxc-cc-1.0.1.tgz",
      "integrity": "sha1-EWxHDCavif7c8iNxC+8smJNFVhU=",
      "requires": {
        "@minui/wxc-flex": "1.0.2"
      }
    },
    "@minui/wxc-flex": {
      "version": "1.0.2",
      "resolved": "https://registry.npmjs.org/@minui/wxc-flex/-/wxc-flex-1.0.2.tgz",
      "integrity": "sha512-b3TY1um9nDxN5lD8nl1ZeKfbo5rGbKWw5hWs1ua/knhg8mSfxDI/ntWV0ztshoBcNV2mK5+9+s6f0T1nXXXNuA=="
    }
  }
}
